
Microsoft Visual Studio Solution File, Format Version 12.00
# Visual Studio Version 16
VisualStudioVersion = 16.0.30225.117
MinimumVisualStudioVersion = 10.0.40219.1
Project("{FAE04EC0-301F-11D3-BF4B-00C04F79EFBC}") = "Binario a Decimal", "Binario a Decimal\Binario a Decimal.csproj", "{644D3CE7-6872-4685-B102-9F4790419E23}"
EndProject
Global
	GlobalSection(SolutionConfigurationPlatforms) = preSolution
		Debug|Any CPU = Debug|Any CPU
		Release|Any CPU = Release|Any CPU
	EndGlobalSection
	GlobalSection(ProjectConfigurationPlatforms) = postSolution
		{644D3CE7-6872-4685-B102-9F4790419E23}.Debug|Any CPU.ActiveCfg = Debug|Any CPU
		{644D3CE7-6872-4685-B102-9F4790419E23}.Debug|Any CPU.Build.0 = Debug|Any CPU
		{644D3CE7-6872-4685-B102-9F4790419E23}.Release|Any CPU.ActiveCfg = Release|Any CPU
		{644D3CE7-6872-4685-B102-9F4790419E23}.Release|Any CPU.Build.0 = Release|Any CPU
	EndGlobalSection
	GlobalSection(SolutionProperties) = preSolution
		HideSolutionNode = FALSE
	EndGlobalSection
	GlobalSection(ExtensibilityGlobals) = postSolution
		SolutionGuid = {AEBE2780-F427-410C-804C-305FE05861DF}
	EndGlobalSection
EndGlobal
